
Microsoft Visual Studio Solution File, Format Version 12.00
# Visual Studio Version 17
VisualStudioVersion = 17.0.31903.59
MinimumVisualStudioVersion = 10.0.40219.1
Project("{2150E333-8FDC-42A3-9474-1A3956D46DE8}") = "src", "src", "{94660C38-EA08-472F-89C2-136847F699FD}"
EndProject
Project("{FAE04EC0-301F-11D3-BF4B-00C04F79EFBC}") = "VideoMonitor.Core", "src\VideoMonitor.Core\VideoMonitor.Core.csproj", "{7610830A-E3D0-4B17-87A7-43C565487E3E}"
EndProject
Project("{FAE04EC0-301F-11D3-BF4B-00C04F79EFBC}") = "VideoMonitor.Wpf", "src\VideoMonitor.Wpf\VideoMonitor.Wpf.csproj", "{05B9D77F-DA38-4A17-B146-EF0BE31434CD}"
EndProject
Project("{2150E333-8FDC-42A3-9474-1A3956D46DE8}") = "tests", "tests", "{8B6E392F-1F29-42C4-AFDA-2BD90BA32EF8}"
EndProject
Project("{FAE04EC0-301F-11D3-BF4B-00C04F79EFBC}") = "VideoMonitor.Core.Tests", "tests\VideoMonitor.Core.Tests\VideoMonitor.Core.Tests.csproj", "{14824D23-7903-401C-BAB8-4A4FA81DD7C8}"
EndProject
Project("{FAE04EC0-301F-11D3-BF4B-00C04F79EFBC}") = "VideoMonitor.Infrastructure", "src\VideoMonitor.Infrastructure\VideoMonitor.Infrastructure.csproj", "{9D3E05AA-05C8-49EB-93DD-4A2BAA005B31}"
EndProject
Project("{FAE04EC0-301F-11D3-BF4B-00C04F79EFBC}") = "VideoMonitor.Server", "src\VideoMonitor.Server\VideoMonitor.Server.csproj", "{4199F498-15F3-47A5-BCE8-14ED78527199}"
EndProject
Project("{FAE04EC0-301F-11D3-BF4B-00C04F79EFBC}") = "VideoMonitor.Server.Tests", "tests\VideoMonitor.Server.Tests\VideoMonitor.Server.Tests.csproj", "{1E862ECE-4D7D-4BF6-AA67-086B98ED74FF}"
EndProject
Global
	GlobalSection(SolutionConfigurationPlatforms) = preSolution
		Debug|Any CPU = Debug|Any CPU
		Debug|x64 = Debug|x64
		Release|Any CPU = Release|Any CPU
		Release|x64 = Release|x64
	EndGlobalSection
	GlobalSection(ProjectConfigurationPlatforms) = postSolution
		{7610830A-E3D0-4B17-87A7-43C565487E3E}.Debug|Any CPU.ActiveCfg = Debug|Any CPU
		{7610830A-E3D0-4B17-87A7-43C565487E3E}.Debug|Any CPU.Build.0 = Debug|Any CPU
		{7610830A-E3D0-4B17-87A7-43C565487E3E}.Debug|x64.ActiveCfg = Debug|Any CPU
		{7610830A-E3D0-4B17-87A7-43C565487E3E}.Debug|x64.Build.0 = Debug|Any CPU
		{7610830A-E3D0-4B17-87A7-43C565487E3E}.Release|Any CPU.ActiveCfg = Release|Any CPU
		{7610830A-E3D0-4B17-87A7-43C565487E3E}.Release|Any CPU.Build.0 = Release|Any CPU
		{7610830A-E3D0-4B17-87A7-43C565487E3E}.Release|x64.ActiveCfg = Release|Any CPU
		{7610830A-E3D0-4B17-87A7-43C565487E3E}.Release|x64.Build.0 = Release|Any CPU
		{05B9D77F-DA38-4A17-B146-EF0BE31434CD}.Debug|Any CPU.ActiveCfg = Debug|Any CPU
		{05B9D77F-DA38-4A17-B146-EF0BE31434CD}.Debug|Any CPU.Build.0 = Debug|Any CPU
		{05B9D77F-DA38-4A17-B146-EF0BE31434CD}.Debug|x64.ActiveCfg = Debug|x64
		{05B9D77F-DA38-4A17-B146-EF0BE31434CD}.Debug|x64.Build.0 = Debug|x64
		{05B9D77F-DA38-4A17-B146-EF0BE31434CD}.Release|Any CPU.ActiveCfg = Release|Any CPU
		{05B9D77F-DA38-4A17-B146-EF0BE31434CD}.Release|Any CPU.Build.0 = Release|Any CPU
		{05B9D77F-DA38-4A17-B146-EF0BE31434CD}.Release|x64.ActiveCfg = Release|x64
		{05B9D77F-DA38-4A17-B146-EF0BE31434CD}.Release|x64.Build.0 = Release|x64
		{14824D23-7903-401C-BAB8-4A4FA81DD7C8}.Debug|Any CPU.ActiveCfg = Debug|Any CPU
		{14824D23-7903-401C-BAB8-4A4FA81DD7C8}.Debug|Any CPU.Build.0 = Debug|Any CPU
		{14824D23-7903-401C-BAB8-4A4FA81DD7C8}.Debug|x64.ActiveCfg = Debug|Any CPU
		{14824D23-7903-401C-BAB8-4A4FA81DD7C8}.Debug|x64.Build.0 = Debug|Any CPU
		{14824D23-7903-401C-BAB8-4A4FA81DD7C8}.Release|Any CPU.ActiveCfg = Release|Any CPU
		{14824D23-7903-401C-BAB8-4A4FA81DD7C8}.Release|Any CPU.Build.0 = Release|Any CPU
		{14824D23-7903-401C-BAB8-4A4FA81DD7C8}.Release|x64.ActiveCfg = Release|Any CPU
		{14824D23-7903-401C-BAB8-4A4FA81DD7C8}.Release|x64.Build.0 = Release|Any CPU
		{9D3E05AA-05C8-49EB-93DD-4A2BAA005B31}.Debug|Any CPU.ActiveCfg = Debug|Any CPU
		{9D3E05AA-05C8-49EB-93DD-4A2BAA005B31}.Debug|Any CPU.Build.0 = Debug|Any CPU
		{9D3E05AA-05C8-49EB-93DD-4A2BAA005B31}.Debug|x64.ActiveCfg = Debug|Any CPU
		{9D3E05AA-05C8-49EB-93DD-4A2BAA005B31}.Debug|x64.Build.0 = Debug|Any CPU
		{9D3E05AA-05C8-49EB-93DD-4A2BAA005B31}.Release|Any CPU.ActiveCfg = Release|Any CPU
		{9D3E05AA-05C8-49EB-93DD-4A2BAA005B31}.Release|Any CPU.Build.0 = Release|Any CPU
		{9D3E05AA-05C8-49EB-93DD-4A2BAA005B31}.Release|x64.ActiveCfg = Release|Any CPU
		{9D3E05AA-05C8-49EB-93DD-4A2BAA005B31}.Release|x64.Build.0 = Release|Any CPU
		{4199F498-15F3-47A5-BCE8-14ED78527199}.Debug|Any CPU.ActiveCfg = Debug|Any CPU
		{4199F498-15F3-47A5-BCE8-14ED78527199}.Debug|Any CPU.Build.0 = Debug|Any CPU
		{4199F498-15F3-47A5-BCE8-14ED78527199}.Debug|x64.ActiveCfg = Debug|Any CPU
		{4199F498-15F3-47A5-BCE8-14ED78527199}.Debug|x64.Build.0 = Debug|Any CPU
		{4199F498-15F3-47A5-BCE8-14ED78527199}.Release|Any CPU.ActiveCfg = Release|Any CPU
		{4199F498-15F3-47A5-BCE8-14ED78527199}.Release|Any CPU.Build.0 = Release|Any CPU
		{4199F498-15F3-47A5-BCE8-14ED78527199}.Release|x64.ActiveCfg = Release|Any CPU
		{4199F498-15F3-47A5-BCE8-14ED78527199}.Release|x64.Build.0 = Release|Any CPU
		{1E862ECE-4D7D-4BF6-AA67-086B98ED74FF}.Debug|Any CPU.ActiveCfg = Debug|Any CPU
		{1E862ECE-4D7D-4BF6-AA67-086B98ED74FF}.Debug|Any CPU.Build.0 = Debug|Any CPU
		{1E862ECE-4D7D-4BF6-AA67-086B98ED74FF}.Debug|x64.ActiveCfg = Debug|Any CPU
		{1E862ECE-4D7D-4BF6-AA67-086B98ED74FF}.Debug|x64.Build.0 = Debug|Any CPU
		{1E862ECE-4D7D-4BF6-AA67-086B98ED74FF}.Release|Any CPU.ActiveCfg = Release|Any CPU
		{1E862ECE-4D7D-4BF6-AA67-086B98ED74FF}.Release|Any CPU.Build.0 = Release|Any CPU
		{1E862ECE-4D7D-4BF6-AA67-086B98ED74FF}.Release|x64.ActiveCfg = Release|Any CPU
		{1E862ECE-4D7D-4BF6-AA67-086B98ED74FF}.Release|x64.Build.0 = Release|Any CPU
	EndGlobalSection
	GlobalSection(SolutionProperties) = preSolution
		HideSolutionNode = FALSE
	EndGlobalSection
	GlobalSection(NestedProjects) = preSolution
		{7610830A-E3D0-4B17-87A7-43C565487E3E} = {94660C38-EA08-472F-89C2-136847F699FD}
		{05B9D77F-DA38-4A17-B146-EF0BE31434CD} = {94660C38-EA08-472F-89C2-136847F699FD}
		{14824D23-7903-401C-BAB8-4A4FA81DD7C8} = {8B6E392F-1F29-42C4-AFDA-2BD90BA32EF8}
		{9D3E05AA-05C8-49EB-93DD-4A2BAA005B31} = {94660C38-EA08-472F-89C2-136847F699FD}
		{4199F498-15F3-47A5-BCE8-14ED78527199} = {94660C38-EA08-472F-89C2-136847F699FD}
		{1E862ECE-4D7D-4BF6-AA67-086B98ED74FF} = {8B6E392F-1F29-42C4-AFDA-2BD90BA32EF8}
	EndGlobalSection
	GlobalSection(ExtensibilityGlobals) = postSolution
		SolutionGuid = {0C82CDA9-2E43-4470-8DDB-80AA143BA360}
	EndGlobalSection
EndGlobal
